uuid: 4b4e3760-c7d9-43cc-bd79-29777803d0ba
langcode: en
status: true
dependencies:
  content:
    - 'file:file:4c1e2cf7-0305-4ffd-8a15-ec4a4c7dfde4'
  module:
    - paragraph_view_mode
third_party_settings:
  paragraph_view_mode:
    enabled: true
    label: 'Layout type'
id: course_block
label: 'Course Block'
icon_uuid: 4c1e2cf7-0305-4ffd-8a15-ec4a4c7dfde4
icon_default: 'data:image/png;base64,iVBORw0KGgoAAAANSUhEUgAAAQsAAAC9CAMAAACTb6i8AAAAhFBMVEX+/v4AAAD///86Ojry8vL29vahoaEsLCz5+fnJycnY2NjMzMy3t7eLi4tGRkbS0tLh4eHp6elaWlqDg4NiYmLAwMCSkpKZmZl8fHzr6+tVVVUdHR1xcXGnp6fd3d01NTUUFBRJSUm6urp0dHRqamqenp4LCwtXV1cwMDAmJiZhYWEZGRm/yf+EAAAIXklEQVR4nO2d2XriMAyFQWyh7NAUaNmhlE7f//2mjkmJEztxNskh/m9nvlY+JYotHZkGNCwcq4TFYrFYLBbLkwMM6iBM4FeGjjt0O7WX41eA9XDeZMyH6xrL8bv0WXfcfDDuzur4tLA1v7ztm2H2by/1koMtdrA4RITgHBaDRk3k8HLlRqGDz6YGufR3ge3hvwQhOP+G7SeWw8uVRy0hOEcvl1KHXTgsIe6W0VyZxH65e65cyhYzWXykFoLzsZg8Sy5ly3DPqpeGHoezW305vFz5mksHn9cq51L2nK+374UIwXnfrquYPLLmyiQql0tZtJNRr3AhOL3RpCpy/Ibp9M8l6eBz7jvGy+HlykvJQnAuRufSwnNlEjyXUi87As+V4+T4C2ZsWi71ihGl5cokeiNjSh5erlwR6eCzMiCXMiFOOLkyicuJUg70XJkEUS5lT+j0Ez9XJjH+nOImD164/aZet4JvvPIx+zX9zMUIHD4W/fLP+Kxwa0iuTOJyKrN8HGhyVYOSWnEQaXJVg8JbcaomVzUosBXHfs7A8FyZxMdikF8OrSZXNcjXikvR5KoGGVtxkLrJVQ1St+J4MaJFHXdJtNKUPFiTK19vx3Q8W4OWFMPnFoJzGGqIAS/UYSLxkiwGjKiDRGJktfhDR4sTdZBInHQSRjXO5Hm56LxIWH3/Rh1pydxYH0FDC2+vNf181q0W22xN0+w9uXfiizrqEsjm4ahQPU+XPP1opqDpdV5dDqvc9eBq17R8vkcFeQGrWuv0SXUw1dNjXcm6zvu2DO8w6yO7ZZuPiqVMHyQfdjC1eShyPbtlN955zYt6oUn8YPmmAYbUa42ltcQz6kCberUxHEvJlWotjN2Mos/fwIR6yXIo5rIgvOvazcgNOoU0CTNI0Q/F4ZmCZoTGrRvZHGf4YzHwgmCHWiTzs8iRcL43nC2Wf2EQ7EuJ575DL5GWEIo3LIF1xr9Qz7DCWgwo0nDhZ/yyC4Qo5rQkoCv+baThlHzGRzQtxgJihXyqisjzbpThcztim1mVwFQIbB4XE5Oj4HqpUQMj8CnENkiIy6uXrgrKpeUaNtMDx2B03xqh8Tm83HKYMBQhEjqhvmm3nmCaw+ZzM2dYJgC4QpC7VM2nbNt0dOO/LrAIhtkLRKj3tKS1BWrmSpqziPBBDxgYoKPVokxlF9VscrEHsEMwQOMIwfYDWkzuHdvEoCD2rhyfq16u9DPRhEAL0crlBLTwDvKa09XeNn2kbsWl+DH3SfE+gRbbYMjjYLrwq8GaXUtQ2hpSfLz6K//jpePJKxgxdS6CWgRVuri6D3p4dI83uXSEaLvBHe2WQItjMPChSosmKyzoyvG4KkSzySU76VBoIWwfg7sLeIt82Mdd3VdLw119rfQugWGPluQErLnpK5DQrrMd1GIRia+pPcUCHJ3/pnA/LPC1EA6p30JBS7VpOBTUzAOIc6lv8LUYBH//u6BFzP1A+Zu8vJJ6Vf+KV3wthDbqStAi4aiRo/kPGlcxveNrIdT3hHwV6R9J4s3S6NQ80o3xtRCc4sJ7DLQuv9DcR/k/U/+o38PXQmh+uMIpNeZhFqPWvAQpsMHW4IreRwXhwB3sBkBDM2hG8jZd3GDrgPzdIdAR67jjQA08dIBNZqOuXbJz/SntGKiDqgVMf8IBPDbhWdwp0m161lZCG1OLUDOA85c+pf+aTGibrthg66Ds05QhhSM17/k9gewzaq23HfjssrceNWbHitNCflHS9Z6zxB1pWl5H3W13lOtmy6RGTZFSzBQxdO9auIp/x8JF1CJ6JOf0+ONObnJELGyB8kHmSStcykEHr5gT88rkfxCgNgIv8bRQvzJ5EOQzrRqzpkVpoXZ08oqS4jWDx8oELfgfhNwJrDVsWowWic8I9U1TsaaYYrVQ504+CK1RyikXxGIOKBt+93cq1T2mPojFHOVea3/fd1LfHnIwYA++vRugURcuA3NkRP7S/LlvwTvIK4+C6MAAR+o+ux8P66VFUi1Ht/RbFlfkGl8kPz4OREB9I8IXdu1X3FD9BGpJNTqn3hcsHkZbwZ4AdcLANq+JraLmNViHV25AcED3X4Q32muhcUa58+yhGzzDm0uh9pyxK1AMmB0BvtrwAU2sMUbGE/HAdzRG/vKhuhqZGBTmznDdP2wMgheKHdcVs030t9TwHiJihoE2/rzuO2on9W+lYate9JwMocm88unSTFNE63jRRj/ADLPaN59RDSxHaluyURqAPtZdfrc+1YiNxG4iT+AAJww1bifCL6FZR8JRHIgAwC27Fjx2SefYo7YCpfOYeSnK7B6tdsSD7NFW+r+YeNh3OpWTRufsO5rw1i1dXPQkGl+I927EKOarUx+8Dk2Y15W535Pcc0yOfswwVTr2o74JQjTkFoyZnme17S7y3gHRWnizSiYI8YusBaI5/scW0ZlsN9kEaW22k445OjQULdUUziDPqOfs3OV5rHuCu47PS3fnaM3ZoAI7SbRp3TB372J7Ohl2R5v5cR9tunzsj/PNqDscTNua40b4SJ16Gcd54IHjdNrr9YyxXrc7jhP4t4JXUBzSE+gxb7wQpZBoy0U6XHeoROiFIx+iIpipNwCQnj1TXIDxPCgaY4jWY3NQmFG6tdRCXvDHnxc2AIX5Hc9KaBAKk/NHLbVQGHuR5/+MQDU0oXFqfzpUpkWCS3uoUZqgCS6qoUY5Z4h/IQk5yu88w5tVMIbQVZUP8C9bIEc5N3So30tVvEwqCIn9gRS1S4/CFUNKjJW1dqd25fhIs/lZOy3UFj28YUhDSJxDrBPqa9XqV/0FeGtJ2F/WtZNC2tSpTGvHYrFYLBaLxWKxWCwWi8VisVgstcaWsn3gPwe0kQ05Y+l6AAAAAElFTkSuQmCC'
description: ''
behavior_plugins: {  }
