uuid: 526327ea-103d-4556-a3aa-f3244ade4593
langcode: en
status: true
dependencies:
  content:
    - 'file:file:979fd9f9-90bc-4839-841b-74205b106c1b'
id: events_block
label: 'Events Block'
icon_uuid: 979fd9f9-90bc-4839-841b-74205b106c1b
icon_default: 'data:image/png;base64,iVBORw0KGgoAAAANSUhEUgAAA5gAAAQECAYAAAAfy7QLAAAABmJLR0QA/wD/AP+gvaeTAABsPUlEQVR42u39d5iU9b34/79md4Fd2tJUFAsKWKJgL9jQgIiVYNdgxRqsscSeqLHE3ntHiRqxYddYCRasiBoRREQUkLYUF9gyvz9Ozvnly8dCeW+Zmcfjus4/57oyzvv1voed58w9952prKzMBgAAACynIiMAAAAgBYEJAABAEgITAACAJAQmAAAASQhMAAAAkhCYAAAAJCEwAQAASEJgAgAAkITABAAAIAmBCQAAQBICEwAAgCQEJgAAAEkITAAAAJIQmAAAACQhMAEAAEhCYAIAAJCEwAQAACAJgQkAAEASAhMAAIAkBCYAAABJCEwAAACSEJgAAAAkITABAABIQmACAACQhMAEAAAgCYEJAABAEgITAACAJAQmAAAASQhMAAAAkhCYAAAAJCEwAQAASEJgAgAAkITABAAAIAmBCQAAQBICEwAAgCQEJgAAAEkITAAAAJIQmAAAACQhMAEAAEiixAggv2Sz2Zg4cWJ88cUXMXHixJg4cWLMmzcvqqqqIiKiqKgomjVrFqusskqsssoqsd5660WXLl2iVatWhgdATJkyJcaOHRtfffVVfPPNNzFr1qxYuHBhRERkMplo2rRptG/fPtZYY43o2rVrrL322tG+fXuDAyJCYEJe+Oabb+K5556LV155Jd5+++2YPn161NbWLvH/vrS0NNZbb73YbrvtYtddd40tt9wySktLDRagAMycOTNeeumlePHFF2PkyJHx7bffRnV19RL/75s0aRKdO3eO7bbbLvr16xe9evWK1q1bGywUqExlZWXWGCD3zJ8/Px5//PG45557YtSoUf/3DWUKHTt2jH322ScOPfTQ2GCDDQwbIM9UVVXFyy+/HPfee2+89NJLUVlZmeyxW7duHbvttlscccQR0bNnzyguLjZwKCACE3LM7Nmz4+abb47bb789pk6dWqf/reLi4ujdu3ecccYZsfXWW0cmk7EBADls0aJFMXTo0Ljuuuvi3//+d53/9zbeeOM4/fTTY8899xSaUCAEJuSI2trauO222+KSSy6J6dOn1/t/f4899ohLLrkkunbtajMActAzzzwT55xzTnzxxRf1/t/eeOON48orr4ytt97aRkCeE5iQA0aPHh3HHHNMfPTRRw36PEpLS+PMM8+MU045JZo2bWpjAHLA999/HyeddFIMHz68QZ9HJpOJww8/PC6++OJo06aNjYE8JTChEaupqYlbbrklzjvvvFiwYEGjeV5bbLFF3H///bHGGmvYJIBG7Omnn44//OEP8cMPPzSa57TGGmvEPffcEz179rRBkIfcBxMaqXnz5sXhhx8eZ5xxRqOKy4iId999N7beeut47bXXbBRAI1RbWxsXXXRRHHDAAY0qLiMiJk6cGLvsskvccccdNgrykG8woRGaNWtW9O/fP0aNGtWon2ezZs3i5ptvjoMOOsimATQSCxcujOOOOy7+/ve/N+rnmclk4owzzojzzz8/iop85wH5QmBCIzNr1qzYddddG/z3lkuqpKQkbrnllhg4cKDNA2hgixYtikMOOSSefPLJnHnOJ510UlxyySUiE/KEVzI0IrNnz47ddtstZ+IyIqK6ujqOPfbYRv9JOUC+q66ujsMPPzyn4jIi4rrrrovzzjvPBkKeEJjQSFRVVcWhhx4aH374Yc4995qamjj22GPj9ddft5EADeS8886Lxx57LCef+zXXXBM33nijTYQ84BRZaCTOOOOMuOGGG3J6DR06dIiRI0fGaqutZkMB6tHQoUPjyCOPjGw2d9/WNW3aNJ566qno1auXDYUcJjChERg+fHgccMABUVtbm/Nr6dmzZzz//PPukwlQT8aOHRvbbrttzJ07N+fX0rFjxxg1alR06NDBxkKOcoosNLBZs2bFCSeckBdxGRHx1ltvOc0JoJ5UVVXFMccckxdxGRExZcqUOPnkk3P6m1godAITGtjZZ58dU6dOzas1XXzxxfHVV1/ZXIA6dvfdd8fbb7+dV2saNmxYPPfcczYXcpRTZKEBjRo1KnbYYYe8+fbyv+2xxx7xyCOP2GSAOjJjxozYcMMNY8aMGXm3trXXXjveeeedKC0ttdGQY3yDCQ0km83GhRdemJdxGRHxzDPPxDvvvGOjAerIddddl5dxGfE/vysdMmSITYYc5BtMaCBvv/129O7dO28DMyJi1113jWHDhtlsgMRmzZoV6623XlRUVOTtGtdcc8348MMPo1mzZjYccohvMKGB3HzzzXkdlxERzz//fIwbN85mAyR233335XVcRkRMmDAhnn76aZsNOUZgQgOYNm1aQfzRrK2tjbvvvtuGAyR21113FcQ677zzTpsNOUZgQgN49NFHo7KysiDW+tBDD0VNTY1NB0jk7bffjvHjxxfEWkeMGBHffPONTYccIjChAQwfPrxg1vr999/Hu+++a9MBEnnqqacK5j6R1dXVBfU3E/KBwIR6Nnv27Ly7Z9mvef755208QALZbDZeeOGFglrzSy+9ZOMhhwhMqGfvvvtuLFiwoKDWPGLECBsPkMAPP/wQn3/+eUGtecSIEX5qATlEYEI9K8R7Q44ZMybmz59v8wGW06hRowrm9Nj/NX/+/Pj0009tPuQIgQn1bMyYMQW35jlz5sTEiRNtPsByKsS/IRERo0ePtvmQIwQm1LOvvvrKugFYJmPHji3IdRfKVXMhHwhMqGeFGloTJkyw+QDL6dtvvy3IdU+aNMnmQ44QmFCPqqur48cffyzItc+ZM8cBALCcpk6dWpDrnjlzps2HHCEwoR7NmjXL2gFYJtlsNhYtWlSQa582bZoDAHKEwIR6VMiXWXeJeYDlk81mC+4Ksv+rtrbWAQA5QmACAACQhMAEAAAgCYEJAABAEgITAACAJAQmAAAASQhMAAAAkhCYAAAAJCEwAQAASEJgAgAAkITABAAAIAmBCQAAQBICEwAAgCQEJgAAAEkITAAAAJIQmAAAACQhMAEAAEhCYAIAAJCEwAQAACAJgQkAAEASAhMAAIAkBCYAAABJCEwAAACSEJgAAAAkITABAABIQmACAACQhMAEAAAgCYEJAABAEgITAACAJAQmAAAASQhMAAAAkhCYAAAAJCEwAQAASEJgAgAAkITABAAAIAmBCQAAQBICEwAAgCQEJgAAAEkITAAAAJIQmAAAACQhMAEAAEhCYAIAAJCEwAQAACAJgQkAAEASAhMAAIAkBCYAAABJCEwAAACSEJgAAAAkITABAABIQmACAACQhMAEAAAgCYEJAABAEgITAACAJAQmAAAASQhMAAAAkhCYAAAAJCEwAQAASEJgAgAAkITABAAAIAmBCQAAQBICEwAAgCQEJgAAAEkITAAAAJIoMYL8k81mo6qqKiorKw2jkamoqCjYtS9cuLCg1w+wvGpra6OmpqYg115TU+NvSJ5p0qRJlJaWRlGR77vyTaaysjJrDLll4cKFMWXKlBgzZkyMGzcuJk2aFBMmTIgZM2bEt99+Gz/++GPU1tZGVVWVYTUy2Wy2YMO/pKQkmjZt6iAAWA6VlZWRzRbeW7eioqIoLS11AOSRkpKSKC4ujmbNmsXKK68cK6ywQqy22mqx+uqrx9prrx3rrrturLbaatGiRQvDyjECMwdUVFTEyJEjY+TIkTFq1Kj49NNPY8aMGQX5BwYAgMJQXl4e3bp1i8033zx69uwZ2267bXTs2DEymYzhNGICsxHKZrMxduzYeOqpp+KFF16I9957LxYuXGgwAAAUrKKiothggw1ip512it122y223HJLp9g2QgKzEfnmm29i6NCh8eijj8ann35qIAAA8DNWXnnl2HfffeOAAw6IjTfe2EAaCYHZwBYuXBgvvPBC3HHHHfHqq68W7I/3AQBgWWQymejRo0cceeSRse+++0Z5ebmhNOR+CMyGMW/evLjvvvvipptuigkTJhgIAAAsp7Zt28aRRx4Zxx57bKyyyioG0gAEZj2bO3du3HXXXXH99dfH999/byAAAJBYy5Yt4/DDD49TTjklVl55ZQOpRwKzntTU1MS9994bl156aUyePNlAAACgjrVq1SqOP/74OPnkk6N169YGUg8EZj0YOXJknHLKKTF69GjDAACAerbyyivHJZdcEvvvv7/bnNQxgVmHZs6cGeecc07cd9997lkJAAANbMcdd4zrrrsuunXrZhh1xI1j6sgzzzwTm2++edx7773iEgAAGoFXX301evbsGTfeeKO7N9QR32AmVllZGWeeeWbceeedUVtbayAAANAI9e7dO+68887o2LGjYSQkMBP68ssv45BDDomPPvrIMAAAoJHr2LFj3H333bHjjjsaRiJOkU3kueeei169eolLAADIEVOmTIn+/fvHddddZxiJCMwErr/++thvv/1i1qxZhgEAADmkqqoqzjzzzDj66KNj0aJFBrKcnCK7HKqrq+Pcc8+N66+/3oV8AAAgx+20007xwAMPuGfmchCYy2jhwoVx7LHHxkMPPWQYAACQJzbbbLMYNmxYrLjiioaxDATmMli4cGEceuih8eSTTxoGAADkme7du8fTTz8tMpeB32AupaqqKnEJAAB57JNPPonddtstfvjhB8NYSgJzKdTW1sbgwYPFJQAA5LkxY8bEgAEDYu7cuYaxFATmUvjzn/8cQ4YMMQgAACgA77//fgwcONDVZZeCwFxCd999d1x55ZUGAQAABeTFF1+MP/7xj+4asYRc5GcJvPHGG7HHHnv45AIAAArUFVdcEccff7xB/AqB+SsmT54c22yzTUydOtUwAACgQDVt2jSefvrp2G677QzjFzhF9hcsWrQoDjnkEHEJAAAFThssGYH5Cy677LIYOXKkQQAAADFlypQ49thjo6amxjB+hsD8Ge+8846L+gAAAP8fzz//fNx5550G8TP8BvMnLFiwILbccssYO3asYQAAAP8fLVq0iFGjRsWaa65pGIvxDeZPuOyyy8QlAADwk+bPnx8nn3xy1NbWGsZifIO5mM8//zx69uwZCxcuNAwAAOBnDRkyJPbZZx+D+C8C879ks9kYMGBAvPDCC4YBAAD8otVWWy3ef//9aNWqlWH8h1Nk/8vLL78cL774okEAAAC/atKkSXHTTTcZxH/xDeZ/VFdXx7bbbhsff/yxYQAAAEukvLw8Ro8eHSuuuKJhhG8w/8/w4cPFJQAAsFQqKiri2muvNYj/8A1mRNTW1kbPnj1j9OjRjggAAGCptGrVKj799NNYYYUVCn4WvsGMiBdffDE++eQTgwAAAJba3Llz47bbbjOI8A1mRETsuuuu8eqrrzoaAACAZbLCCivE2LFjo7S0tKDnUPDfYH7xxRfx2muveUUAAADL7Icffohhw4YV/BwKPjDvvPPOyGZdSBcAAFg+d999d8G3RUGfIrtgwYLo1q1bTJ8+3asBAABYLplMJj788MNYZ511CnYGBf0N5ssvvywuAQCAJLLZbPz9738v6BkUdGD+4x//8Cqg3pSWlsapp55asOvfbbfdYqONNnIgACyDTCYThxxySHTs2LEg19+jR4/YY489IpPJOBho9IYNGxbV1dUFu/6CDcz58+fHSy+95BVAvWjevHncfvvtcdpppxXsDLp27RpPP/109OrVywEBsBRKSkri7LPPjptuuinKysoKcgZt27aNIUOGxOGHHy4yafTGjx8fn332WcGuv2ADc+TIkTFr1iyvAOpcy5Yt4/77749999234GfRvn37eOSRR2LnnXd2YAAsgeLi4rjooovinHPOieLi4oKeRbNmzeK6666Lk046SWTSqGWz2XjmmWcKdv0FG5jPP/+8o586V1ZWFvfff3/stttuhvEfrVu3jqFDh8aOO+5oGAC/oLi4OC688MI4+eSTBdV/lJSUxCWXXBKDBw82DBq15557rmDXXrCB6d6X1LUmTZrEnXfeGbvssothLKZ58+bx97//PbbaaivDAPgJmUwmTj311PjjH/9oGD8xm8suuywGDhxoGDRaY8aMiZkzZxbk2gsyML///vv48ssvHfnUmeLi4rj44otjr732MoyfUV5eHn//+9+jW7duhgGwmIEDB8b5559vED+juLg4brjhhujbt69h0ChVVlbGu+++W5BrL8jAfO+996KqqsqRT50ZNGiQ03eWQMeOHWPo0KHRpk0bwwD4j+222y6uvfbagv/N5a8pLS2Nu+66K9Zbbz3DoFF66623CnLdBRmYo0aNcsRTZ7bZZpu49NJLo6iooO8CtMQ22GCDuOmmm6KkpMQwgILXqVOnuOeee6J58+aGsQQ6dOgQ9913X5SXlxsGjU6hNkdBvgP+8MMPHfHUiRVWWCHuvPNObwyW0l577RXHHXecQQAFrUmTJnHbbbdFp06dDGMpdO/ePa666iof7NLofPTRR5HNZgtu3QX5ShwzZowjnvQvpqKiuPbaa6Nz586GsQwuuOCC6NGjh0EABevkk0+O3r17G8QyOOigg+KAAw4wCBqVOXPmxKRJkwpu3QUXmDNmzIgZM2Y44kluv/32iwEDBhjEMiorK4tbb721YG8iDhS2DTbYIM466yyDWEaZTCauuOKKWHXVVQ2DRqOmpqYgLyxacIE5adIkF/ghuRVWWCEuu+wy9ylbThtvvHEcf/zxBgEUlGbNmsV1113nA7bl1K5du7jsssucKkujMmHChIJbc8G9AseNG+dIJ6lMJhPnn39+rLTSSoaRwKmnnhprrbWWQQAFY+DAgbH11lsbRAIDBgyInXbaySBoNAqxPQouMKdNm+ZIJ6kePXrEIYccYhCJlJeXx3nnnecTaKAgtG3bNs455xyDSKSoqCguvvhi3wbTaPzwww+F9zostAV/8803jnTSvYCKiuKCCy6Ipk2bGkZC++yzT2y22WYGAeS9k046KVZeeWWDSGj99dd3wR8ajYkTJxbcmgsuMOfPn+9IJ5mePXtGnz59DCKxkpKSOPPMM/2mFchrK6ywQhx99NEGUQdOO+00twyjUSjE9ii4wJw9e7YjnTQvnqKiOP3006O4uNgw6kDfvn19iwnktT/84Q/Rtm1bg6gDa621lm8xaRQKsT0EJiyjDTbYwP3K6lBxcbErygJ5q7y8PI488kiDqEPHH398NGnSxCBoULNmzSq4NRdcYC5cuNCRThJHH310lJSUGEQd2nPPPd3TDMhL++67b3To0MEg6tC6664bv/3tbw2CBlWIt0d0mUZYBm3bto199tnHIOpYaWlpHHzwwQYB5JXi4uI4/PDDDaKOZTKZOOqoowwC6pnAhGXQv3//KC8vN4h6cMABB7hKL5BX1l9//dhkk00Moh706dPHfaqhnglMWAb777+/IdSTbt26eSMG5BUXn6k/zZo1i7322ssgoB4JTFhKK620Umy99dYGUU8ymUwMGDDAIIC8UFJSErvttptB1KP+/fu77RXUI4EJS6l3795O2axnffv2dTsYIC+su+660a1bN4OoR1tssUW0a9fOIKCeCExYSn379jWEeta1a9dYc801DQLIeb179/ZtWj0rKyuLHXfc0SCgnghMWApNmzaNbbfd1iDqWUlJSWy//fYGAeS8HXbYwRAaQK9evQwB6onAhKWw+uqrR6dOnQyiAWy11VaGAOS00tLS2HTTTQ2iAWyxxRa+OYZ6IjBhKbiaacPO3psDIJd17tw5OnToYBANoGvXrtGmTRuDgHogMGEpbLTRRobQQNZcc81o3bq1QQA5q0ePHj4oayDNmzePtdde2yCgHghMWArrrbeeITSQ5s2bu9APkNN+85vfGEID8jcc6ofAhCVUXFzs0vINzKfPQC7r0qWLITQgf0OgfghMWELNmjXz25kG5gJLQC7r3LmzITSg1VZbzRCgHghMWEJt2rSJVq1aGUQDWn311Q0ByEmZTCY6duxoEA1o1VVXNQSoBwITllB5eXkUFXnJNKS2bdsaApCTmjVr5kJlDaxdu3aGAPXAu2VYQi5vbg8AllVpaWk0adLEIBpQmzZtori42CCgjglMWEItWrQwBHsAsExKS0ujpKTEIBpQ06ZN7QHUA4EJ5AynKAOwrDKZjL8jUA+8yoCc4fQyAJZVJpNxiizUA4EJSyibzS73Y2QyGYNcDgsXLjQEoKAVaiCl+PtZW1sbVVVVDiKoYwITllCKuGnRokXBfguX4up9AhPIVVVVVVFTU7Ncj5HJZAr2dlkp1l1bW5vkw2LglwlMWEJz585d7scoKSkp2DcHKa4Am2IPABrCggULorq6erkfp1Bv17Tiiisu92PMmTMnFi1a5GCEOiYwYQnNmjUryeMU6o2eU6x75syZDkQgJ1VWVsaPP/643I+z+uqrF+T8Vl555eV+DH9DoH4ITFhCs2fPjvnz5y/346y11loFN7tMJpNk3ZMnT3YgAjmptrY2pkyZstyPs/baaxfk/Lp167bcjzF16lQHItQDgQlL6Mcff4zZs2cv9+N079694GbXunXrJJ+6f//99w5EIGd9++23y/0Y6667bkHOboMNNljux5g4caKDEOqBwIQlVF1dHV999dVyP84WW2xRcLPr0aNHNG/efLkfZ+zYsQ5EIGel+Buy6aabRklJSUHNrby8PMk3mCnmD/w6gQlL4Ysvvljux9h0002jRYsWBTW3bbfddrkfY9GiRd4cADnt888/X+7HWGGFFWKdddYpqLltvfXWSa7A7kNKqB8CE5bCp59+utyP0bZt29hkk00Kam69e/de7seYNm1a/PDDDw5CIGeNHj16uR8jk8lEnz59CmpuO+2003I/RnV1dZK/4cCvE5iwFN57770kj/O73/2uYGbWqVOn2HzzzZf7cT766KMkl/gHaCjjxo1Lcrul/v37RyaTKYiZNWvWLHbeeeflfpzJkye7yA/UE4EJS+Gzzz6LioqK5X6c/v37F8xpsvvss080bdp0uR/nrbfecgACOa2ioiL+/e9/L/fjbL755tG1a9eCmNnmm2+e5Crk7733XlRVVTkIoR4ITFgKP/74Y7z//vvL/TidOnVKcspPY1dSUhIDBw5M8lgjRoxwAAI5LZvNxhtvvLHcj1NSUhIHH3xwQcxs0KBBSR4nxdyBJSMwYSm9/PLLSR7n+OOPj+Li4ryeVe/evZNcWn7q1KnxySefOPiAnPfSSy8leZxDDjkkWrVqldezWm211WLPPfdc7sfJZrPx2muvOfignghMWErPP/98ksfp2bNn9OrVK2/nVFJSEqeffnqSx3r11VejsrLSwQfkvPfeey9mzpy53I+z0korxWGHHZbXszrxxBOT3OLq888/j/Hjxzv4oJ4ITFhKY8eOTXKp86Kiojj77LPz9lvMnXbaKbbeeuskj/Xss8868IC8MH/+/GRnwpx88snRtm3bvJzTWmutFYceemiSx3ruueeipqbGwQf1RGDCUqqpqYlHHnkkyWNtvfXWsffee+fdjFq0aBEXXHBBkqsczpo1K1544QUHHpA3Hn300SSPs8oqqyQ7U6QxyWQy8Ze//CXJKcDZbDYefvhhBx3UI4EJy+CRRx5JcsuMTCYTl1xySbRr1y6v5jN48ODo3r17ksd66qmnYs6cOQ46IG+89NJLyW6Zceyxx8bGG2+cV/Pp169fsg9fP/nkE/e/hHomMGEZjB8/PtkV6Tp16hRXXHFF3tzTbKONNoo//elPyR7vnnvuccABeWXBggXx4IMPJnmssrKyuOWWW5L8VrEx6NChQ1x77bVRVJTmLeo999wTtbW1DjqoRwITlkFtbW3ccccdkc1mkzzegQceGIccckjOz6VNmzZx1113JXuj89577yW5LQxAY3PXXXfFokWLkjzWhhtuGBdeeGGyKGsoxcXFcdNNN8Xqq6+e5PFmzZoVDz30kIMN6pnAhGX07LPPJrnYT8T/nCp75ZVXJrsoTkNo1qxZ3HrrrfGb3/wm2WPeeOONSU5FBmhsJkyYEM8880yyxzvuuONy+t6YmUwmzjzzzCS3JflfDzzwQMyePdvBBvVMYMIyWrRoUdx4443JHq9ly5bxwAMPRLdu3XJuFkVFRXHhhRdG//79kz3muHHj4sknn3SgAXkpm83GVVddlexDtKKiorj66qujb9++OTmPgQMHxplnnpns8ebOnZv0bzSw5AQmLIe///3vMW7cuGSPt/LKK8eTTz4Za621Vs7MoKioKM4///w44YQTkj7ulVdeGQsWLHCQAXnrgw8+SHobpubNm8eQIUNi++23z6k5HHDAAXH99ddHSUlJsse877774ptvvnGQQQMQmLAc5s+fHxdeeGHSx1xzzTXj2WefjfXWW6/Rr7+kpCT++te/xhlnnJH0IkUff/xxDB061AEG5LVsNhsXX3xxLFy4MNljtm7dOh599NHo169fTszg4IMPjltvvTVKS0uTPWZFRUVce+21DjBoIAITltMTTzwRb731VtLHXGONNeLFF1+MHXfcsdFeXbZVq1Zx9913xymnnJL0OdbU1MT5558fVVVVDi4g740ePTr51bJbtWoVDz30UBx55JGN9sI/xcXFcc4558Stt94azZo1S/rYV1xxRUyePNnBBQ1EYMJyqqqqijPOOCN5EHXo0CEee+yxOPHEE6NJkyaNas1rr712vPDCC7Hvvvsmf+wnn3wyXn75ZQcWUDAuvfTSZPfF/F/NmjWL6667Lq699tpo3bp1o1rvCiusEEOHDo1zzjkneQB/9tlncfPNNzuooAEJTEjgvffei1tuuSX545aWlsall14ajz76aKP4XWaTJk3i6KOPjjfeeKNObuw9Y8aMOPPMM92zDCgo06ZNi7POOivZra/+V1FRURx11FHxz3/+M7baaqsGPyOmqKgodt5553jjjTdizz33TP58amtr449//GNUVlY6qKAhX+tGAGlcdNFF8fnnnyd/3EwmE3379o2RI0fGqaeeGi1btqz3tWUymdhss83iueeei+uuuy7Ky8uT/zey2WyceeaZMWnSJAcTUHAeeeSRePrpp+vksTfYYIN44YUX4tprr40VV1yxQdbXuXPnuOeee2LYsGHRuXPnOvlv3HbbbfH66687mKCBZSorK7OFtOC+ffvGm2++aeepEz179oxnn3026cUKFvf111/H1VdfHQ8++GD8+OOPdfsPRCYT3bt3jzPOOCP69++f9Ap/i3v88cfj4IMPjpqaGgcSUJBWXHHFePvtt2PllVeus//GrFmz4sYbb4zbbrstZsyYUedrWnXVVWPw4MFx1FFHRYsWLersv/Ppp5/GjjvuGHPnznUg0ag0b968Xl5rjYnAhMROOumkuOyyy+r8v/Pdd9/FvffeG0OHDo3x48cnfezmzZtHnz59YtCgQdG7d+8oLi6u07WMHz8+tt9++5g5c6YDCChoffr0iUcffTT5hW8WV1FREQ8//HDce++9MXr06KQf7pWUlETPnj3j8MMPj9/97ndRVlZWp2uZM2dO9OnTJz755BMHEI2OwCwAApO6VlJSEnfffXedXADnp1RXV8eoUaPi6aefjtdeey0+++yzpb5/ZFFRUXTs2DG22GKL2GWXXaJfv371dhrVnDlzYpdddokPPvjAwQMQEaeeempcdNFF9fKbydra2vjyyy//7wJrH3/8ccyZM2epHiOTyUR5eXlsvvnm0adPn9hjjz2ic+fO9fL8a2pq4uijj3ZrKxotgVkABCb1oVWrVvHss8/GZpttVq//3Ww2GzNmzIjPPvssPvvssxg/fnxMnTo1Zs6cGfPmzYuI/wngdu3aRbt27aJz586x9tprx/rrrx+dO3eu80/MF1dVVRWDBg2Kf/zjHw4agP8oKSmJW2+9NX7/+9/X+397zpw5MXbs2Bg9enR8/fXXMWnSpJg1a1ZUVFRENpuNoqKiaNeuXZSXl8fqq68eXbt2jQ022CC6du1ap6fA/pwrrrgi/vKXv7g4HI2WwCwAApP6ssoqq8RLL73UKK7+2hhls9k4++yz47rrrkt+5USAXNeyZct46KGHonfv3obxMx566KE46qijorq62jBotAoxMF1FFurId999F/vss0989913hvETrrnmmrj++uvFJcBPmDdvXvz+97+P9957zzB+wtNPPx1/+MMfxCU0QgIT6tDnn38eAwYMEJmLuf766+P88893ShPAL6ioqIjdd9893n33XcP4Ly+++GIcdthh7ncJjZTAhDo2evTo6N+/f0ycOLHgZ1FbWxtXXHFFnHPOOW5HArAEKioqon///jFy5EjDiIgnn3wyDjrooJg/f75hQCMlMKEejBkzJnbeeecYPXp0wc5g0aJFcc4558Sf//xnpzQBLIXZs2fHXnvtFcOHDy/YGWSz2bjrrrviiCOOEJfQyAlMqCcTJ06MXXfdNZ577rmCW3tFRUUcdthhLugDsIwqKiri4IMPjhtuuKHgfl5QVVUV559/fpx00knx448/OhigkROYUI9mzJgRBx54YFxxxRUFc4rov//97+jbt288/vjj4hJgOSxcuDDOPPPMOPbYY//v1lP5bvr06XHAAQfElVde6acVkCMEJtSzhQsXxvnnnx/77LNPfP/993m7zmw2G0OGDIntt9++oE8NBkiptrY2hgwZEr179877f1vfeOON2HbbbePZZ5+18ZBDBCY0kOeffz622WabeOyxx/LudKfvv/8+Dj744DjuuONi7ty5NhsgsdGjR8dvf/vbuOqqq2LhwoV5tbZ58+bF2WefHXvuuacL5EEOEpjQgP43xH7/+9/H119/nfPrqaqqinvuuSd69uwZw4YNczoTQB2aP39+nHvuudG3b9+8uJVJbW1t/POf/4xtt902rrnmmrwLZygUAhMaWG1tbTzxxBOx1VZbxcUXXxwVFRU5t4ZsNhsjR46MPn36xPHHHx9Tp061sQD15N13342+ffvGcccdF5MmTcrJNXzxxRcxcODA6N+/f3zxxRc2FXJYprKysqCuutG3b99488037TyN1iqrrBKnnHJKHHroodGqVatG/Vyz2Wy8//77cdlll8ULL7zg9iMADay8vDyOOOKIOPHEE6Njx46N/vmOHz8+rrnmmnjwwQdjwYIFNpC807x585gxY0ZBrVlgQiPVsWPHOOqoo+Kwww6LVVZZpVE9t+rq6njppZfilltuiVdeecWpsACNTOvWrePAAw+MY445JtZbb71G9dyy2Wy89957cdttt8U//vGPWLRokQ0jbwnMAiAwyTUtWrSIfv36xcCBA6NXr15RVlbWIM8jm83GV199FY899lgMGTIkxo0b57YjAI1cSUlJbLPNNnHYYYfFLrvsEuXl5Q32XKZNmxZPPvlk3HffffHRRx/5cJKCIDALgMAkZ1+smUystNJKsdtuu8Uuu+wS22yzTbRp06ZO/5tVVVXx5ZdfxksvvRRPPvlkvP/++z5pBshR5eXl0bt37+jfv39su+22sfLKK0cmk6mz/15tbW1MmjQpXn311XjqqadixIgRrixOwRGYBUBgki9at24dPXr0iK222iq22GKL6N69e3Ts2DFKS0uX6fFqampi3rx5MXbs2HjvvffinXfeiXfffTcmTpyYd7dRASh0zZo1i/XWWy+22Wab2HzzzWPDDTeM1VdfPcrKypYpOmtra+PHH3+MCRMmxMcffxxvv/12vP322/Hll1/6YJKCJjALgMAkXxUVFUWbNm1ijTXWiNVXXz06deoUHTp0iPbt20dpaWk0b948Iv7n95OVlZVRUVERM2bMiKlTp8bEiRNj0qRJ8f3337vIAkABymQy0bp161h11VVjtdVWizXWWCPat28fHTp0iLKysmjRokVkMpn/C8l58+bF9OnTY+bMmfH111/Ht99+G5MmTYp58+YZJvyXQgzMEtsO+aG2tjZmzpwZM2fOjA8//NBAAFhi2Ww2KioqoqKiIj799FMDAZaZ+2ACAACQhMAEAAAgCYEJAABAEgITAACAJAQmAAAASQhMAAAAkhCYAAAAJCEwAQAASEJgAgAAkITABAAAIAmBCQAAQBICEwAAgCQEJgAAAEkITAAAAJIQmAAAACQhMAEAAEhCYAIAAJCEwAQAACAJgQkAAEASAhMAAIAkBCYAAABJCEwAAACSEJgAAAAkITABAABIQmACAACQhMAEAAAgCYEJAABAEgITAACAJAQmAAAASQhMAAAAkhCYAAAAJCEwAQAASEJgAgAAkITABAAAIAmBCQAAQBICEwAAgCQEJgAAAEkITAAAAJIQmAAAACQhMAEAAEhCYAIAAJCEwAQAACAJgQkAAEASAhMAAIAkBCYAAABJCEwAAACSEJgAAAAkITABAABIQmACAACQhMAEAAAgCYEJAABAEgITAACAJAQmAAAASQhMAAAAkhCYAAAAJCEwAQAASEJgAgAAkITABAAAIAmBCQAAQBICEwAAgCQEJgAAAEkITAAAAJIQmAAAACQhMAEAAEhCYAIAAJCEwAQAACAJgQkAAEASAhMAAIAkBCYAAABJCEwAAACSEJgAAAAkITABAABIQmACAACQhMAEAAAgCYEJAABAEgITAACAJAQmAAAASQhMAAAAkhCYAAAAJCEwAQAASEJgAgAAkITABAAAIAmBCQAAQBICEwAAgCQEJgAAAEkITAAAAJIQmAAAACQhMAEAAEhCYAIAAJCEwAQAACAJgQkAAEASAhMAAIAkBCYAAABJCEwAAACSEJgAAAAkITABAABIQmACAACQhMAEAAAgCYEJAABAEiVGkDuaNWsWBx98cJSU2DYAAArDE088EVOmTDGIHKFUckhpaWlcfvnlUVZWZhgAABSE0aNHC8wc4hRZAAAAkhCYAAAAJCEwAQAASEJgAgAAkITABAAAIAmBCQAAQBICEwAAgCQEJgAAAEkITAAAAJIQmAAAACQhMAEAAEhCYAIAAJCEwAQAACAJgQkAAEASAhMAAIAkBCYAAABJCEwAAACSEJgAAAAkITABAABIQmACAACQhMAEAAAgCYEJAABAEgITAACAJAQmAAAASQhMAAAAkhCYAAAAJCEwAQAASEJgAgAAkITABAAAIAmBCQAAQBICEwAAgCQEJgAAAEkITAAAAJIQmAAAACQhMAEAAEhCYAIAAJCEwAQAACAJgQkAAEASAhMAAIAkBCYAAABJCEwAAACSEJgAAAAkITABAABIQmACAACQhMAEAAAgCYEJAABAEgITAACAJAQmAAAASQhMAAAAkhCYAAAAJCEwAQAASKLECGD5VFdXx7hx4+Ktt96KMWPGxHfffRezZs2K6urqgppDNpuNsrKy6NChQ6y11lqx4YYbxhZbbBEdO3aMTCbjQPkJtbW18c0338Tbb78dn3zySUycODFmzpwZixYtKrhZNG3aNNq3bx+rrrpqdO/ePXr27BlrrLFGFBX5HPTnXm/Tpk2Ld955Jz788MP4+uuvY8aMGfHjjz8W3CxKSkqiTZs20alTp1h//fVjyy23jLXXXjuaNGniQPkZFRUVMWrUqPjwww9j7Nix8cMPP8TcuXML7t/qTCYTbdu2jRVWWCHWW2+96NmzZ2ywwQbRrFkzBwksB4EJy2jKlClxzz33xD/+8Y/44osvora21lAW06xZs+jZs2cccsghMWDAgCgtLTWU+J83dw899FAMGTIkPv7444L7MGJJlJSURPfu3eP3v/99DBw4MMrLyw0lIhYuXBhPPfVU3HffffGvf/0rFixYYCiLKSoqirXWWisOOOCAOOyww6JTp06GEhE1NTXx+uuvx5133hmvvPJKVFRUGMpiMplMrLLKKtG/f/8YNGhQrLfeej4ghWV5LVVWVmYLacF9+/aNN998Myefe3l5eUyYMCHKysocuQ1ozpw5cfnll8cdd9wRc+bMMZAl1LVr1zjvvPNin332KdhvpRYtWhR33HFH/O1vf4sffvjBQbGEVlxxxTj11FPjmGOOKdhvFrLZbDzxxBNx4YUXxr///W8HxRJq0aJFDBo0KM4666xo06ZNwc5h5MiRcc4558Q777wT2WxBve1bZk2aNIm99947/vKXv8Qaa6xhIA2sd+/eMXLkyJx87s2bN48ZM2YU1H459wiWwuuvvx5bbbVVXHXVVeJyKY0bNy4OO+yw2H///WPKlCkFt/5///vf0adPnzjttNPE5VKaNm1a/OlPf4odd9wxxowZU5DrP+CAA2LgwIHicinNnz8/rr/++thiiy3in//8Z8Gtv7KyMk4//fTo169fvP322+JyKVRVVcVDDz0UW265Zdx7773OUoKlIDBhCWSz2bjttttiwIABMWHCBANZjjk+/fTTseOOO8bo0aMLZt3//Oc/Y8cdd4xRo0Y5CJbDhx9+GH369Inhw4cXzJo/+eST6N27dzz11FPe4C6HSZMmxYABA+LGG28smMiaNm1a7L777nHjjTdGVVWVg2AZVVRUxPHHHx9//OMfC/L38bAsBCb8imw2G1dffXWceuqpUVlZaSAJfP3117HbbrvFhx9+mPdrHT58eOyzzz4xe/ZsG59ARUVFHHrooTFs2LC8X+vHH38ce+65Z4wbN87GJ1BVVRVnnHFGXHrppXkfmVOnTo099tgjZ08pbGxqamritttui6OPPlqswxIQmPArHnroofjzn/8cNTU1hpHQ9OnTY7/99svrb4TffvvtOPLII12IJbHKyso46qijYsSIEXm7xsmTJ8c+++xTkKeT16VsNhuXXnpp3HPPPXm7xnnz5sVBBx1UUGeJ1JeHH344zj77bKcaw68QmPALPvvsszjhhBPEZR359ttv44gjjoiFCxfm3dpmzJgRhx9+uN/q1pHKyso4/PDD8/L3rFVVVTFo0KD49ttvbXQdqK6ujjPOOCM++OCDvFzf2Wef7ZvLOnTzzTcXxBkUsDwEJvyMqqqqOO6442L+/PmGUYfeeeeduOGGG/JuXWeffXZ8/fXXNrgOffvtt3HGGWfk3bcJt912W7z++us2uA7Nnz8/Bg8enHcfbr388st5/e1sY1BbWxunnHJKTJ061TDgZwhM+BmPPPJIvPvuuwZRx7LZbFx55ZXx/fff582aPvjgg3jooYdsbj149NFH8+rbmmnTpsVll11mY+vBxx9/HEOHDs2b9VRXV8c555zjvrr1YPr06fG3v/3NIOBnCEz4CYsWLYprrrnGIOpJRUVF3HzzzXmzniuuuMLVButJdXV1XH311XnzLeYdd9xRcPdLayjZbDauuuqqvHmtPvPMM353WY8eeOABp7HDzxCY8BPefPPN+OyzzwyiHj3wwAN5cTGcyZMnxzPPPGND69HLL78cX375Zc6vo7KyMu69914bWo/Gjx8fL7/8cs6vI5vNxp133mlD69HcuXPz6htwSElgwk94/PHHXSWunk2ZMiVee+21vDh2XMa+fi1atCiefvrpnF/HO++8E5MnT7ah9eyRRx7J+TVMmzYt3njjDZtZz7xXgJ8mMGEx1dXV8c9//tMgGsCrr75qDSyTl156KefX8PLLL3uz2gBef/31nP/d4ptvvum0/Abw6aefxqRJkwwCFiMwYTFTpkzxu4oGkusXVaquro733nvPRjaATz75JOffYOfrbTMauylTpsQ333yT02t45513bGQDqKqqio8//tggYDECExYzfvx4V+FrIBMmTMjpSKioqIjp06fbyAaa/bRp03J6DfnwO9JcNX78+Jx+/mPHjrWJXrfQaAhMWIwrODacOXPm5HRgTp06NWpra21kA6iuro4ffvghZ59/ZWVlzJ4920Y2kClTpuT083dPxoaTy//uQF0RmLAYb/IaTm1tbU7/Bi3fbtqea3L54krV1dU+nGhAuX4Fa7/dbThz5swxBFiMwAQAACAJgQkAAEASAhMAAIAkBCYAAABJCEwAAACSEJgAAAAkITABAABIQmACAACQhMAEAAAgCYEJAABAEgITAACAJAQmAAAASQhMAAAAkhCYAAAAJCEwAQAASEJgAgAAkITABAAAIAmBCQAAQBICEwAAgCQEJgAAAEkITAAAAJIQmAAAACQhMAEAAEhCYAIAAJCEwAQAACAJgQkAAEASAhMAAIAkBCYAAABJCEwAAACSEJgAAAAkITABAABIQmACAACQhMAEAAAgCYEJAABAEgITAACAJAQmAAAASQhMAAAAkhCYAAAAJCEwAQAASEJgAgAAkITABAAAIAmBCQAAQBICEwAAgCQEJgAAAEkITAAAAJIQmAAAACQhMAEAAEhCYAIAAJCEwAQAACAJgQkAAEASAhMAAIAkBCYAAABJCEwAAACSEJgAAAAkITABAABIQmACAACQhMAEAAAgCYEJAABAEgITAACAJAQmAAAASQhMWEwmkzEEAABYBgITFtO2bVtDaCDFxcU5HfjNmze3iQ0kk8lEaWlpzj7/pk2bRklJiY302l0mjp2G4z0D/L8EJixmxRVXNIQG0q5du5yOhI4dO0ZxcbGNbAAlJSWxwgor5Ozzb9asmTeqDWjVVVfN6ee/yiqr2MQG4j0D/L8EJiymW7du0axZM4NoAF27ds3pT+JbtmyZ829Uc1W7du1y/o3eeuutZyMbQHFxcXTt2jWn17DOOuvYyAay/vrrGwIsRmDCYtq3bx9rrbWWQTSALbfcMqeff3FxcWy22WY2sgFsvvnmOf/tca4f/7mqc+fO0bFjR8cOS62srCx69OhhELAYgQmLvyiKiqJPnz4GUc8ymUzsvPPOOb8Ox07D2GmnnfJiDUVF/izXtx133DHnP5zYbrvtokWLFjaznm288cY5fWo+1BV/yeAn7Lvvvt7o1bM111wzNt9885xfx5577hktW7a0ofWoZcuWsccee+T8OjbccEOnydazTCYTBxxwQM6vo02bNtG3b18bWs/23XdfQ4Cf4B00/IRNNtkktthiC4OoR8cee2xeXAmxXbt2sf/++9vQevS73/0uVl555ZxfR0lJSRx55JE2tB5tuOGG0bNnz7xYy3HHHeciY/Woffv2sd9++xkE/ASBCT+huLg4zjrrLPfErCedOnWKQw89NG/Wc8opp7hlST0pKyuL0047LW/WM3DgwFhzzTVtbD3IZDJx9tln583ZKtttt1306tXLxtaTE044Idq1a2cQ8BMEJvyMPn36RP/+/Q2ijhUVFcWFF14YrVu3zps1denSJU466SSbWw+OOeaYvLqCZsuWLeOiiy7y4VY96NevX+y22255taZLL73Uh1v1YN11140//OEPBgE/Q2DCz704iori6quvzvmrCzZ2/fv3z4vfQC3utNNOc0XZOtajR48455xz8m5dAwYMcOpdHVtxxRXjmmuuybvf2vfo0SPOPvtsG1yHmjZtGjfeeGO0atXKMOBnCEz4BSuvvHLcf//9UVZWZhh1oEePHnHTTTfl5QWVmjdvHvfdd58boNeRDh06xIMPPpiXF1QqKiqK66+/PjbZZBMbXQfKysrizjvvjDXWWCMv13fSSSfFPvvsY6PrQCaTiUsuuSS22WYbw4BfIDDhV2y33XZx//33R2lpqWEk9Jvf/CaGDRsWbdu2zds1rrXWWjFs2LBYaaWVbHhCbdu2jWHDhkXXrl3zdo2tW7eOf/zjH64qm1hZWVncdttteXFbm59TUlISt956a+y+++42PKFMJhPnn39+DB482DDgVwhMWAK77757PPbYY9GhQwfDSGDrrbeOZ555JlZdddW8X+tGG20Uzz33XF79TrAhde3aNV588cWCuMrzKqusEi+++GLssMMONj6Btm3bxtChQwvi1hItWrSI+++/Pw4++GC33EqgtLQ0rr766jjzzDMNA5aAf3VgCe24447xxhtvxA477OACHMuotLQ0Tj755Hj66acL6ret6623Xrz66qtx4IEHuo3AMioqKor9998/Xn311dhggw0KZt0dOnSIxx9/PM466yyn6i+jTCYT2267bbz22mvRr1+/gll3WVlZ3HrrrXHDDTe42ulyWGeddeKZZ56JY4891jBgCQlMWAprrrlmDB8+PO68887o2rWr0FxCTZo0iX79+sU///nPuPTSSwvyjXLbtm3jrrvuiieeeCJ69uzpW4UllMlkYsMNN4zHHnss7r777oI8i6C0tDTOP//8ePXVV6Nfv355cb/Y+jp2unXrFrfeems8++yzsfbaaxfcDIqKiuKII46It99+O4444ghXmF0KHTp0iAsuuCD+9a9/xdZbb20gsBQylZWV2UJacN++fePNN9/MyedeXl4eEyZM8Cl2I7FgwYJ44YUX4sEHH4zXX3895s6dG9lsQb2cflFRUVF06tQpdt999zj44INjo402EuT/UVNTEyNGjIgHHnggnn/++ZgxY4Zj579kMplo165d9O3bNwYOHBjbb7+9qPovo0ePjiFDhsTw4cNj0qRJUVtbayj/dey0bNkytt9++zjooINil1128Tfzv3z99dcxdOjQGDZsWIwdOzaqq6sN5b+UlZXFJptsEgceeGDsvffe0aZNG0NpJHr37h0jR47MyefevHnzmDFjRkHtl8DMIQKz8Zo3b16MGTMmPvvss/jmm29iwYIFBTuLNm3aRJcuXaJ79+7RrVs3p4T+ikWLFsXnn38en332WXz11Vcxd+7cgp1Fy5YtY4011ogePXrEuuuuG82aNXOA/ILa2toYP358fPzxxzF+/PiYNWtWwc6itLQ01lhjjVh33XVjgw02cAuJX5HNZmPSpEnx8ccfx5dffhnTp08v2A8qmjRpEiuvvHKss846sdFGG0X79u0dII2QwMwtAjOHCEwAAAqNwMwtfgQEAABAEgITAACAJAQmAAAASQhMAAAAkhCYAAAAJCEwAQAASEJgAgAAkITABAAAIAmBCQAAQBICEwAAgCQEJgAAAEkITAAAAJIQmAAAACQhMAEAAEhCYAIAAJCEwAQAACAJgQkAAEASAhMAAIAkBCYAAABJCEwAAACSEJgAAAAkITABAABIQmACAACQhMAEAAAgCYEJAABAEgITAACAJAQmAAAASQhMAAAAkhCYAAAAJCEwAQAASEJgAgAAkITABAAAIAmBCQAAQBICEwAAgCQEJgAAAEkITAAAAJIQmAAAACQhMAEAAEhCYAIAAJCEwAQAACAJgQkAAEASAhMAAIAkBCYAAABJCEwAAACSEJgAAAAkUWIEAA2rtrY2Jk+eHJMnT47p06cX5AwymUy0bds2Vl111Vh11VWjqMjnnwCQiwQmLKfa2toYN25cvP322/HZZ5/FN998E3PmzIlsNltws2jSpEm0bds2unbtGhtuuGFsueWWscIKKzhIfkJFRUUMHz48nn322fjXv/4V06dPj9ra2oKfS1FRUbRt2za22Wab2H333WOPPfaINm3aOGB+wowZM+Ktt96K0aNHx/jx42PmzJmxaNGigpxFmzZtYtVVV431118/Nt9881hnnXV8SPEL5syZEx9++GG89957MW7cuJg2bVosWLCgIGfRokWLWHXVVaNbt26x1VZbxfrrrx9NmzZ1kMByEJiwjKZMmRJDhgyJhx56KL744ouoqakxlMU0b948ttpqqzj88MNj9913j9LS0oKfyfTp0+Paa6+N++67r2C/rfwltbW1MWPGjHjqqafiqaeeirZt28ahhx4aJ598cqy00koFP5+FCxfGc889F3fffXeMHDky5s+f76BZTHFxcXTt2jX233//OOSQQ6JTp06GEhE1NTXx5ptvxt133x0vvvhiwX4Q+ksymUx06tQpfve738WgQYNi3XXXNRRYltdSZWVlQf3r0rdv33jzzTdz8rmXl5fHhAkToqyszJHbgCoqKuLaa6+NW2+9NWbPnm0gSyCTycTaa68d5557buy1114F+c1CbW1tPPjgg3HeeefF1KlTHRRLqUOHDnHhhRfGwQcfHCUlhffZaG1tbTzzzDPxl7/8JT7//HNhsITKy8vjyCOPjNNPPz3Ky8sLdg5vv/12nHfeeTFy5EhnSiyhsrKy2HvvveP888+P1VZbzUAaWO/evWPkyJE5+dybN28eM2bMKKj9cv4ILIWRI0fGtttuG5dddpm4XArZbDa++OKLOPTQQ+OAAw6IadOmFdT658+fH4MGDYpjjz1WXC6j6dOnx+DBg+Owww6LioqKglv7oYceGvvvv3989tln4nIpVFRUxFVXXRU9e/aM1157reDWv2DBgjjrrLNi5513jhEjRojLpVBZWRkPPPBAbLHFFjF06FCvO1gKAhOW0F133RW77rprjBs3zjCWUW1tbQwfPjx22GGHGDNmTEGsuaKiIvbYY4946KGHvLlbTtlsNoYNGxb9+/ePH374oSDW/O9//zt69+4djz76qDe4y2HChAnRv3//uOWWWwpmjtOnT48999wzrr322oL9bW4Ks2fPjiOPPDLOOOOMqKqqMhBYAgITlsC1114bJ554YixcuNAwEpgwYULsuuuu8eGHH+b1OufPnx977713vPXWWzY9oXfeeSf233//mDNnTl6v89NPP41ddtklxo4da9MTWLRoUZx22mlx5ZVX5n1kTps2LXbbbbec/UlQY5PNZuPGG2+Mo446Kqqrqw0EfoXAhF/x97//Pf785z/79imxH374Ifbdd9+YOHFiXq6vtrY2TjnllPjXv/5ls+vAW2+9Fccff3zevi6/++672HvvvWPKlCk2O/Hr8oILLoj7778/b9c4f/78OOigg2L06NE2PLFHHnkkzjnnHIOAXyEw4Rd89tlncdJJJzm9qI5Mnjw5Bg0alJeXx3/sscdi6NChNrkOPfroo3k546qqqhg0aFDefvjS0GpqauK0006Ljz76KO/Wls1m47zzzvPBVh3O94YbbojHHnvMMOAXCEz4GdXV1XHCCSfE3LlzDaMO/etf/4qbb745r9ZUUVERZ555plvX1LFsNhvnnntu3l2d74477ijIC9LUp3nz5sUJJ5yQdx8evvrqq3HHHXfY4DqUzWbjj3/8Y8H8DhyWhcCEn/Hwww/n7CWxc83ll1+eV3+sb7vttpg8ebKNrQdTp07Nqw8ofvjhh7jkkktsbD1477338uob8JqamjjnnHP8RrAeTJ061esUfoHAhJ9QVVUVV111lUHUk4qKirjhhhvyYi0LFy70DUI9u/vuu2PevHl5sZbbb7+94O6X1pAuv/zyvLky6DPPPBMff/yxTa0nQ4YM8UEi/AyBCT/hjTfeiC+++MIg6tGQIUOisrIy59fx+uuvx7fffmtD69GUKVPi5Zdfzvl1LFiwIK8vPtMYTZgwIS+OnWw2G3fccYdb2dSj+fPn+509/AyBCT/hsccec9XYejZlypS8uKT+8OHDbWYDePbZZ3N+DaNGjYpJkybZzHr2yCOP5Pwapk2bFm+88YbNrGfuTws/TWDCYmpqauKVV14xiAaQ698k1NbW+t1uA/nXv/6V82/0XnzxRW9WG8Abb7yR879bfP31113tvAF8/vnnzliBnyAwYTHff/+931U0kFGjRuX081+wYEF89dVXNrIBTJ48OWbOnJnTa3j//fdtZAP4/vvvc/6b41z/tzNXVVVVud8o/ASBCYv56quv8uaiD7lm4sSJOf0p/NSpU/Pynp65YNGiRTl9JeJsNhtffvmljWyg2Y8bNy6n15Drzz+XjR071hBgMQITFjN9+nRDaCCzZ8/O6cCsqKiwiQ0km83GnDlzcvb5L1y4MGbPnm0jG8iUKVM8f5bJ1KlTDQEWIzBhMSKh4dTW1ub0b9D8fo5lVVVV5cJiDSjXzzxw7DScuXPnGgIsRmDCYkQCAAAsG4EJAABAEgITAACAJAQmAAAASQhMAAAAkhCYAAAAJCEwAQAASEJgAgAAkITABAAAIAmBCQAAQBICEwAAgCQEJgAAAEkITAAAAJIQmAAAACQhMAEAAEhCYAIAAJCEwAQAACAJgQkAAEASAhMAAIAkBCYAAABJCEwAAACSEJgAAAAkITABAABIQmACAACQhMAEAAAgCYEJAABAEgITAACAJAQmAAAASQhMAAAAkhCYAAAAJCEwAQAASEJgAgAAkITABAAAIAmBCQAAQBICEwAAgCQEJgAAAEkITAAAAJIQmAAAACQhMAEAAEhCYAIAAJCEwAQAACAJgQkAAEASAhMAAIAkBCYAAABJCEwAAACSEJgAAAAkITABAABIQmACAACQhMAEAAAgCYEJAABAEgITAACAJAQmAAAASQhMAAAAkhCYAAAAJCEwAQAASEJgAgAAkITABAAAIAmBCQAAQBICEwAAgCQEJgAAAEkITFj8RVHkZcGyKSkpMQSvXaCAZDIZQ4DF+GsMi2nbtq0hNJDi4uKc/mPdvn17bzYaSFFRUbRr1y5nn3/Tpk2juLjYRjaQ5s2b5/Tz9+FWw/GeAf5fAhMWs8IKKxhCA2nXrl00a9YsZ59/hw4donXr1jayATRv3jxWXHHFnH3+zZo1y+lAznWrrrpqTj//VVZZxSY2EO8Z4P8lMGExa621VjRt2tQgGkCXLl2iSZMmOfv8mzZtGuutt56NbADdunWLli1b5vQa1llnHRvZAIqKiqJr166OHZaJf/Ph/yUwYTErrrhirLnmmgbRALbaaqucX0Pv3r1tZAPYfvvtc34NW265pY1sAKuttlp07Ngxp9eQD/925qKysrLo0aOHQcBiBCYs/qIoKoqddtrJIBpAnz59cn4Ne+yxh4vNNMBrdsCAATm/jp133tmx0wD69u2b879/3WabbaKsrMxm1rMNN9wwVlppJYOAxfhLBj9hv/3280avnq255pp58Sl8jx49YpNNNrGh9ah79+6x6aab5sWx41TH+pXJZGK//fbL+XW0bds2dt55Zxtaz/bff39DgJ/gHTT8hE022cTpavVs0KBBeXElxEwmE6eeeqqrydajE088MS+OnSZNmsSgQYNsaD3q0aNHbL311nmxlmOOOca/O/VohRVWyIsPJ6AuCEz4CcXFxfGnP/3Jt5j1pGPHjnHkkUfmzXp233336Nmzp42tB5tuumnss88+ebOeQw45JFZffXUbWw+KiorizDPPzJt/53v16pUXv0XOFX/4wx9c+Rl+hnfP8DP69u0bu+22m0HUsUwmExdddFGUl5fnzZpKSkri2muvzfmrmjZ2ZWVlceONN+bVVZ9btWoVf/3rX324VQ9++9vfxp577pk368lkMvG3v/3NbzHrQdeuXWPw4MEGAT/DXzD4GZlMJq699lo/4K9je+65Zxx44IF5t67u3bvH5Zdf7pS1OlJUVBQXX3xxbLTRRnm3tr333jv23ntvm1yHOnToEDfccEPehfyGG24YZ555pn936lCzZs3i5ptvjlatWhkG/AyBCb9glVVWiXvuuSeaN29uGHWge/fucfPNN+f8FRx/zmGHHRann366N3uJFRUVxYknnhjHHnts3q7vhhtuiA033NBm14HS0tK46667onPnznm5vlNOOSX22msvG11Hr82LLrootttuO8OAX3qtGAH8sh133DFuv/12px0l1rVr13jkkUfy+jcsmUwm/vznP8ef/vSnvLgITWNQXFwcp556avz1r3/N63AvLy+PRx99NNZff32bnlDTpk3jjjvuiL59++btGps0aRK33nprXtz2qTEpKiqKP/3pT06NhSV5vRgB/Lq99947hg4dGu3btzeMBLbccst44YUX8vYbhP9WVFQUf/7zn+P222/Pq9+ZNoTy8vK46aab4oILLsjbb73/26qrrhpPP/10bLvttjY/0fHz97//Pa8uCvVzWrZsGY888kgceOCBzqBIoLS0NC677LI499xz/T4aloBXCSyhfv36xeuvvx69evUyjGVUUlISxx9/fDz33HOxyiqrFNTaDzzwwHjrrbdijz32KIg4SqmoqCj69esXb775Zhx66KEF9Ya5Y8eO8dRTT8Vpp50WTZo0cTAsg0wmE1tuuWW88cYbseuuuxbMusvKyuLOO++Ma665Jlq3bu1AWEbdunWLp556Kk444QRxCUvIKwWWQpcuXeKZZ56J22+/PTp37uyT4SVUXFwcffv2jddeey2uuOKKgj3deM0114yHH344Xnzxxfjd734XpaWlDo5fUFpaGnvssUc899xz8dhjj0W3bt0Kcg5lZWVx0UUXxYgRI2KnnXbyJncpdO7cOW644YZ46aWXYu211y649RcVFcUxxxwTo0aNikMOOcRPPZZCu3bt4rzzzouRI0f6zSUspUxlZWW2kBbct2/fePPNN3PyuZeXl8eECRP8gWgkFixYEM8880wMGTIk3n777aioqDCU/1JUVBSrrLJK7LrrrnHwwQfHJpts4o3xYr7//vt45ZVX4s0334yPPvoopkyZEj/++GNkswX1z3JE/M+3TC1atIgVV1wxunfvHr169YrevXsX3DfdvyabzcbHH38c9913XzzzzDMxefLkqK2tNZj/0rp16+jZs2ccdNBBsfvuu7tI23/56quvYsiQIfHEE0/El19+GTU1NYbyX0pLS2PjjTeO/fbbL/bff/9o27atoTQSvXv3jpEjR+bkc2/evHnMmDGjoPZLYOYQgdl4zZkzJ8aMGROffPJJTJ48OebOnVuQcygqKooVVlghOnfuHN27d4+uXbtGs2bNHCBLqKqqKhYsWFCQgRnxP9/UOQ10yS1atCi+/PLL+OSTT2LChAkxffr0go3NVq1axcorrxzdu3eP7t27+73zr6ipqYlvvvkmRo8eHePGjYspU6ZEdXV1Qc6iWbNmseqqq8a6664bPXr0iBVXXNEB0ggJzNzisoaQQOvWrWPrrbeOrbfe2jBYZk2aNBFYLLGmTZvG+uuv70qzLLXi4uJYc801Y8011zQMIDnnqwEAAJCEwAQAACAJgQkAAEASAhMAAIAkBCYAAABJCEwAAACSEJgAAAAkITABAABIQmACAACQhMAEAAAgCYEJAABAEgITAACAJAQmAAAASQhMAAAAkhCYAAAAJCEwAQAASEJgAgAAkITABAAAIAmBCQAAQBICEwAAgCQEJgAAAEkITAAAAJIQmAAAACQhMAEAAEhCYAIAAJCEwAQAACAJgQkAAEASAhMAAIAkBCYAAABJCEwAAACSEJgAAAAkITABAABIQmACAACQhMAEAAAgCYEJAABAEgITAACAJAQmAAAASQhMAAAAkhCYAAAAJCEwAQAASEJgAgAAkITABAAAIAmBCQAAQBICEwAAgCQEJgAAAEkITAAAAJIQmAAAACQhMAEAAEhCYAIAAJCEwAQAACCJEiOAtGpqav7v/wpNSUlJlJSURCaTcSAsg9ra2qiuri7IY6e4uDhKSkqiqMjnnssim81GdXV1VFdXF+Sx87//B0DDE5iwnKZOnRqvvfZajBgxIsaMGRNTpkyJ+fPnx6JFiwpuFmVlZVFeXh6rr756bLTRRrH99tvHNttsE2VlZQ6Un1BRURFvvPFGvPnmmzF69Oj49ttvY968ebFgwYKCm0VpaWm0atUqOnbsGBtvvHFst912sf3220d5ebkD5ScsXLgw3nrrrXj99dfjgw8+iEmTJsWsWbNiwYIFkc1mC2oWTZs2jebNm8dKK60U3bt3j549e0afPn1ipZVWcqAANIBMZWVlQf0l6tu3b7z55ps5+dzLy8tjwoQJ3qw3AtlsNl577bW45ZZb4sUXX4yFCxcays/o0KFDHHjggTF48OBYY401DCQiPvnkk7jxxhvjiSeeiDlz5hjIz2jVqlXsueee8Yc//CE22WQTA4mIiRMnxm233RZDhw6NqVOnGsjPaNKkSey0004xePDg2HHHHZ1VATmud+/eMXLkyJx87s2bN48ZM2YU1H45FwmW0qeffhq777577LbbbjF8+HBx+SumT58eN9xwQ2y66aZx5plnRkVFRcHO4vvvv49BgwbFNttsE/fff7+4/BVz586NBx98MHr16hWHHXZYfPvttwU9i/PPPz823njjuOaaa8Tlr6iqqopnn3029thjj9hll11i9OjRhgJQTwQmLKGampq46aabolevXvHKK68U3Gloy2v+/Plx3XXXxbbbbhujRo0quPUPHz48evbsGUOHDo2qqioHxFKorq6Ohx9+OHr27BlPPPFEwb32Pvzww+jVq1dcccUVUVlZ6YBYCrW1tfH666/HDjvsENddd11B/r4ZoL4JTFgCixYtipNOOilOP/30mD9/voEsh3HjxsWuu+4aw4YNK4j11tbWxnXXXRcDBw70rdNymj59ehx88MFx+eWXR21tbUGs+amnnop+/frF559/7gBYDpWVlXHWWWfF4MGDC/I3zgD1SWDCr6iqqooTTjgh7r77bt9aJjJv3rwYNGhQPProo3m/1quuuirOOuusgrzoU12orq6Oiy66KC699NK8fz0+9dRTcfjhhzuVOpFsNhv33XdfHHnkkc4iAKhDAhN+xcUXXxz333+/uExs4cKFccwxx+Tsj/aXxMMPPxwXXHCBYyexmpqauOSSS+L+++/P2zV+8MEHMWjQoPjxxx9teGLDhg2L8847zyAA6ojAhF/w0ksvxZVXXmkQdeTHH3+MQYMG5eXV1caOHRsnnXSS33zVkdra2jj11FPjs88+y7u1VVRUxKGHHhrz5s2z0XXkxhtvjKeeesogAOqAwISfMXfu3Dj55JMFQh37+uuv44ILLsirNdXW1sYf//jHgr5ibn2YP39+nHzyyVFdXZ1X6/rrX/8a48aNs8F1qKamJk477TSvUYA6IDDhZ9x5553x1VdfGUQ9uO+++2LMmDF5s55nnnkmXn31VRtbD0aMGBFPP/103qxn3Lhxceedd9rYejBp0qS47rrrDAIgMYEJP2HevHlx0003GUQ9WbRoUVx//fV5s55rrrmmYK5y2tCy2WxcddVVeXOmwY033ugqp/Xo9ttvdxElgMQEJvyEF154ISZPnmwQ9eiJJ57Ii9PVxowZE++++64NrUcffPBBfPzxxzm/joqKinjkkUdsaD2aMWOG32ICJCYw4ScUwu0zGpu5c+fGSy+9lPPrGD58uN/t1rPa2tp47LHHcn4dr732WsyaNcuG1rMnnnjCEAASEpiwmIULF+b1rTMas9deey3n1/DKK6/YyAbwxhtv5PwaXn/9dRvZAEaMGOG0ZICEBCYsZtKkSTF9+nSDaADvv/9+Tt8zsqqqKj755BMb2QC++OKLnL9n5AcffGAjG0BFRYULugEkJDBhMV9//bULtDSQSZMmxaJFi3L2+U+fPt0FQxrIvHnzYtq0aTn7/LPZbEyYMMFGNhCBCZCOwITFzJgxwxAayLx583I+MHP5G9hcVltbm9Ov3R9//DHmzZtnIxvwtQtAGgITFjN//nxDYJlUV1cbQgPK5YsrOWuiYVVVVRkCQCICEwAAgCQEJgAAAEkITAAAAJIQmAAAACQhMAEAAEhCYAIAAJCEwAQAACAJgQkAAEASAhMAAIAkBCYAAABJCEwAAACSEJgAAAAkITABAABIQmACAACQhMAEAAAgCYEJAABAEgITAACAJAQmAAAASQhMAAAAkhCYAAAAJCEwAQAASEJgAgAAkITABAAAIAmBCQAAQBICEwAAgCQEJgAAAEkITAAAAJIQmAAAACQhMAEAAEhCYAIAAJCEwAQAACAJgQkAAEASAhMAAIAkBCYAAABJCEwAAACSEJgAAAAkITABAABIQmACAACQhMAEAAAgCYEJAABAEgITAACAJAQmAAAASQhMAAAAkhCYAAAAJCEwAQAASEJgAgAAkITABAAAIAmBCQAAQBICEwAAgCQEJgAAAEkITAAAAJIQmAAAACQhMAEAAEhCYAIAAJCEwAQAACAJgQkAAEASAhMAAIAkBCYAAABJCEwAAACSEJgAAAAkITBhMSUlJYYAAADLQGDCYtq2bWsIDaRJkyZRVJS7/yyVl5fbxAaSyWSiZcuWOfv8y8rKokmTJjaygbRp08YQABIRmLCYTp06RSaTMYgGsNJKK0VpaWlOP/9mzZrZyAbQpEmTWHHFFXP2+ZeUlOT08891q666qiEAJCIwYTFrrrlmlJWVGUQDWHfddaO4uDhnn39ZWVl07tzZRjaAlVdeOdq3b5/Ta+jevbuNbABNmjSJtdde2yAAEhGYsJi2bdvGb37zG4NoAFtttVVOP/+ioqKcX0Ou6tmzZ86febDNNtvYyAaw7rrr+mkEQEICE35Cv379DKGeFRUVxS677JLz69h1111tZgPIh2OnT58+LjLWAPr165fTv/0GaGz8iwo/Yf/994+mTZsaRD3acMMN8+Kb4z59+vgtXT1r3759Xnwo1K1bt9hyyy1taD0qLi6OAw44wCAAEhKY8BO6dOkSO++8s0HUoxNPPDEvLq7UvHnzGDRokA2tR4ceemi0bt0659eRyWRi8ODBLjJWj37729/6SQRAYgITfkImk4lzzz3XFUHrSffu3WOvvfbKm/UMHjw4VlppJRtbD9q3bx8nnnhi3qxn9913j0033dTG1oOmTZvGueeeaxAAiQlM+Bk9evSIo446yiDqWNOmTeOKK67Iq1OS27dvHxdccIFvoupYJpOJP//5z3kV802aNIkrr7zSh1v14NBDD40tttjCIAASE5jwC/7yl7/EhhtuaBB16MQTT4xevXrl3boGDhyYV9/KNka77757HH744Xm3ri233DJOP/10G1yHNthgg7jooosMAqAOCEz4BS1atIgHH3zQTbjryB577BHnn39+Xq6tuLg4brrppthkk01sdB3o0aNH3HbbbXl71dU//elPsffee9voOrDiiivGAw88EOXl5YYBUAcEJvyKLl26xLBhw2K11VYzjIR22223uOeee6JJkyZ5u8by8vIYNmyYb8ET22CDDeKJJ57I63sXlpSUxJ133hn9+/d3qnVCK620Ujz22GOxzjrrGAZAHRGYsAR69OgRzz33nG+jEigqKoqjjjoqHnjggWjRokXer7djx47x/PPPx2677SYUllMmk4l+/frFc889FyuvvHLer7e0tDTuu+++GDx4sPtjJtC9e/d48cUXXUQJoI4JTFhCXbp0ieeffz5OOOEEF+BYRp06dYp77703rrvuuigtLS2Ydbdp0yYeeuih+Nvf/hZt2rRxICyDVq1axcUXXxwPP/xwdOjQoWDW3axZs7j88stjyJAh0alTJwfCMs7wuOOOi5deeinWXnttAwGoYwITlkKrVq3i8ssvjzfeeCMGDBiQV1c+rUtt27aNP/3pT/Huu+/GvvvuW5Df5JWUlMQJJ5wQ77zzThx55JHRvHlzB8YSaNGiRQwaNCjefffdOOWUUwryNZfJZOJ3v/tdvP/++3HuuefGCius4MBYwtfcrrvuGv/85z/j6quv9ptLgHqSqayszBbSgvv27RtvvvlmTj738vLymDBhQpSVlTlyG4lx48bFo48+Gs8991x8/PHHsXDhQkP5jzZt2sS2224be+65Z/Tv3z9at25tKP9l+vTp8Y9//COefvrpeOedd2L+/PmG8h8tWrSIzTbbLHbffffYe++9C+J02KUxd+7ceOqpp+Kpp56KESNGxMyZMw3lP5o2bRobbLBB7LnnnrHXXntFt27dDAXyQO/evWPkyJE5+dybN28eM2bMKKj9Epg5RGA2bvPmzYuvvvoqJk6cGHPmzImqqqqCm0FZWVm0a9cu1lxzzVhjjTXy+gI+KS1YsCAmTJgQEyZMiIqKioL8oKJp06ZRXl4enTt3ji5duhTUKdTLo7q6Or7++uuYMGFCzJw5MyorKwtuBiUlJVFeXh6rrbZadOnSJVq2bOn3zpBnBGZucdUASKRly5bRo0eP6NGjh2GwVEpLS2O99daL9dZbzzBYKiUlJdG1a9fo2rWrYQDQKPgNJgAAAEkITAAAAJIQmAAAACQhMAEAAEhCYAIAAJCEwAQAACAJgQkAAEASAhMAAIAkBCYAAABJCEwAAACSEJg5pra21hAAAIBGSWDmkEWLFsWiRYsMAgAAaJQEZg6pqqqKBQsWGAQAANAoCcwcUl1dHT/88INBAAAAjZLAzDGTJ082BAAAoFESmDlm3LhxhgAAADRKAjPHfP7554YAAAA0SgIzx3z88ceGAABAwchms4aQQwRmjvnyyy9jzpw5BgEAQEGYO3euIeQQgZlj5s2bFx999JFBAACQ97LZbFRUVBhEDhGYOfgie+WVVwwCAIC8N2/evJg9e7ZB5BCBmYOee+45QwAAIO9Nnz495s+fbxA5RGDmoE8//TTGjx9vEAAA5LV///vfUVtbaxA5RGDmoJqamnj00UcNAgCAvObaI7lHYOaooUOHRnV1tUEAAJC33n33XUPIMQIzR3355Zfx+uuvGwQAAHnpxx9/jHfeeccgcozAzFHZbDZuvPFGN54FACAvjRo1yhVkc5DAzGEvvfRSfPDBBwYBAEDeefzxx32ZkoMEZg6rqamJv/3tbwYBAEBeWbBgQTzxxBMGkYMEZo579tlnY8SIEQYBAEDeeP7552Pq1KkGkYMEZo6rqamJc845JxYtWmQYAADkvGw2G7fccotB5CiBmQdGjRoVd999t0EAAJDz3n777fjXv/5lEDlKYOaBbDYbf/nLX+Krr74yDAAAclZtbW387W9/i5qaGsPIUQIzT1RUVMTgwYOjqqrKMAAAyEkvv/xyvPzyywaRwwRmHnnttdfisssuMwgAAHLO/Pnz46yzzvLtZY4TmHnmiiuuiOHDhxsEAAA55ZprronPPvvMIHKcwMwzVVVVcfTRR8dHH31kGAAA5IS33norrrrqKoPIAwUXmKWlpXm/xtmzZ8d+++0X48ePd4QDANCozZgxI4488shYsGBB3q2tadOmBbefBReYbdq0KYh1Tpo0KQYMGBDfffddwR3UAADkhoULF8aRRx6Zt3dDaNu2bcHtqcDMY19++WXsvPPObl8CAECjU1tbG6eeemo8//zzebvGQmqP/1VwgdmqVauCWu+4ceOiX79+fpMJAECjUVtbGxdccEHcc889eb3OQmuPiAIMzNVWW63gNnnSpEnRr18/V5cFAKDB1dTUxPnnnx9XXnll1NbW5vVaV1999YLb34ILzJVWWqkgX8gVFRXx+9//Pi666KJYtGhRQc4AAICGtWDBgvjDH/4QV111Vd7HZUTEiiuuWHB7XHCB2aVLl4J9QVdVVcUll1wS/fv397tMAADq1ZQpU2LAgAFx//33F8ya11prrYLb54ILzNVXX70gLxf831577bXo2bNn3HLLLVFVVVXQswAAoO69+OKLsd1228Vrr71WUOvu2rVrwe11QV5FthC/ql7cnDlz4tRTT43f/va38cYbbxT8PAAASG/27Nnxxz/+MfbZZ5/49ttvC2rtxcXFvsEsFN27d/dqj4hsNhvvvfde7LrrrnHAAQfEhx9+GNls1mAAAFguixYtiiFDhsQWW2xRsGfNtW3btiAvMFqQgbnRRht51f+XmpqaePLJJ2OHHXaIAQMGxEsvveTUWQAAltrChQvjsccei+222y6OOeaYmDRpUsHOYpNNNinIdZcU4qI322wzr/6fsGjRonjhhRfihRdeiG7dusVBBx0U++yzT3Tp0iUymYwBAQDwk6ZOnRpDhw6Ne++9N7788ktnxUXhNkemsrKy4Hb/hx9+iG7dusXChQv9a/AriouLY/31149dd901dtxxx9h4440L8oaxAAD8/2Wz2fj666/jlVdeieHDh8drr73mvfVihg8fHn369Cm4dRdkYEZEbLnlljF69GhH/lIqKyuL3/zmN9GjR49Yb731omvXrtGpU6fo0KFDtGjRIpo1axZNmjQxKACAHFdbWxuVlZUxf/78mD59ekycODG++OKL+Pjjj+O9996Lb775JmpqagzqJzRv3jzGjx8fbdq0Kbi1F+QpshERO+ywg8BcBpWVlfH+++/H+++//3//v0wmE8XFxdGkSZMoKSmJoqKC/GkvAEBeyWazUV1dHVVVVVFdXe2016Ww8cYbF2RcRhRwYO6yyy5x/fXXO/oT+N9/fKqrqw0DAICCt8suuxTs2gv2q6Ytt9wy2rdv7+gHAACSEpgFqKysLPr16+foBwAAkvnNb34T6667bsGuv6B/LLfffvt5BQAAAMnsvffeBX1NkoK9imzE/9z3cd11143vv//eKwEAAFguRUVFMXr06OjSpUvhzqCQD4CmTZvGQQcd5JUAAAAst+222y7WWmutgp5Bwd9P4ogjjohMJuPVAAAALJcjjzyy4Nui4ANzrbXWKuirPAEAAMtvlVVWif79+xf8HAo+MCMijj/+eN9iAgAAy+y4446LJk2aFPwcCvoiP/8rm83GjjvuGO+8845XBgAAsFTatm0bn3/+eZSXlxf8LHyDGRGZTCZOP/1032ICAABL7bjjjhOX/+EbzP+ora2N3r17x9tvv20YAADAEmnfvn2MGTMm2rRpYxjhG8z//yCKiuKCCy7wLSYAALDETjvtNHH5X3yDuZiDDjooHn/8cYMAAAB+Ubdu3WLUqFHRrFkzw/gP32Au5tJLL40WLVoYBAAA8Isuu+wycbkYgbmYNdZYI8466yyDAAAAftaAAQNil112MYjFOEX2J1RVVcW2224bo0ePNgwAAOD/o02bNvH+++/HKqusYhiL8Q3mT2jSpEnccccdvu4GAAD+PzKZTFxxxRXi8mcIzJ/Ro0eP+Mtf/mIQAADA/9lrr71i4MCBBvEznCL7C2pqamK//faLZ5991jAAAKDAdenSJUaMGOG2JL9AYP6KadOmRa9eveLrr782DAAAKFAtWrSI559/PjbbbDPD+AVOkf0VK664YjzwwAPRsmVLwwAAgAKUyWTimmuuEZdLQGAugU033TRuvvnmyGQyhgEAAAXmxBNP9LvLJSQwl9C+++4bf/3rX0UmAAAUkAEDBsSll16qA5aQwFwKp5xySgwePNggAACgAOywww5x5513isulIDCXQiaTib/97W9x9NFHGwYAAOSx7bbbLh555JFo3ry5YSwFgbm0AysqiquvvlpkAgBAntpuu+1i2LBh0apVK8NYSgJzGRQXF8c111wTxx13nGEAAEAe2WGHHcTlchCYyzq4/3yTed555zknGwAA8sBee+0Vjz/+uLhcDgJzOZ199tlxxx13RFlZmWEAAEAOKioqipNOOimGDBkSpaWlBrIcMpWVlVljWH5vvfVWDBw4ML777jvDAACAHNGiRYu45pprYuDAgc5MTEBgJjR58uQ44ogj4o033jAMAABo5Lp06RL33XdfbLrppoaRiFNkE+rUqVMMHz48zj777CgpKTEQAABohDKZTOyzzz4xYsQIcZl6tr7BrBtvvfVWHHPMMfHll18aBgAANBJt27aNK6+8Mg466CDDqAO+wawjPXv2jLfeeitOPfXUaNq0qYEAAEADymQysddee8X7778vLutyzr7BrHujR4+O008/3W8zAQCgAXTr1i2uuOKK6Nu3rwv51DGBWU9qa2tj+PDhcf7558fYsWMNBAAA6liHDh3i9NNPj2OOOSaaNWtmIPVAYNazRYsWxdChQ+Pyyy+PCRMmGAgAACTWtm3bOP7442Pw4MFRXl5uIPVIYDaQqqqq+Mc//hE33HBDfPTRRwYCAADLabXVVovjjjsuBg0aFK1btzaQBiAwG4ERI0bE7bffHs8880z8+OOPBgIAAEuouLg4evXqFUceeWTssccebhfYwARmIzJjxox47LHH4qGHHopRo0ZFVVWVoQAAwGIymUxssMEGMWDAgDjwwAOjc+fOhtJY9kZgNk6TJ0+OF198MZ577rkYMWJEzJo1y1AAAChYLVq0iE033TT69esXu+yyS6y99tpRVOSui42NwMwBlZWVMWbMmBg5cmS888478eGHH8Z3330XixYtMhwAAPJOSUlJtGvXLjbeeOPYfPPNY+utt45NNtnEBXtygMDMUTNnzozx48fHF198EV999VVMmTIlJk2aFDNnzow5c+bErFmzorKy0qAAAGhUstlsNG3aNNq1axdt2rSJ1q1bx2qrrRYrrLBCdO3aNbp16xZrrbVWdOrUybBykMAEAAAgCSctAwAAkITABAAAIAmBCQAAQBICEwAAgCQEJgAAAEkITAAAAJIQmAAAACQhMAEAAEhCYAIAAJCEwAQAACAJgQkAAEASAhMAAIAkBCYAAABJCEwAAACSEJgAAAAkITABAABIQmACAACQhMAEAAAgCYEJAABAEgITAACAJAQmAAAASQhMAAAAkhCYAAAAJCEwAQAASEJgAgAAkITABAAAIAmBCQAAQBICEwAAgCQEJgAAAEkITAAAAJIQmAAAACQhMAEAAEhCYAIAAJCEwAQAACAJgQkAAEASAhMAAIAkBCYAAABJCEwAAACSEJgAAAAkITABAABIQmACAACQhMAEAAAgCYEJAABAEgITAACAJAQmAAAASQhMAAAAkhCYAAAAJCEwAQAASEJgAgAAkITABAAAIAmBCQAAQBICEwAAgCQEJgAAAEkITAAAAJIQmAAAACQhMAEAAEhCYAIAAJCEwAQAACAJgQkAAEASAhMAAIAkBCYAAABJCEwAAACSEJgAAAAkITABAABIQmACAACQhMAEAAAgCYEJAABAEgITAACAJAQmAAAASQhMAAAAkhCYAAAAJCEwAQAASEJgAgAAkITABAAAIAmBCQAAQBICEwAAgCQEJgAAAEkITAAAAJIQmAAAACQhMAEAAEhCYAIAAJCEwAQAACAJgQkAAEASAhMAAIAkBCYAAABJCEwAAACSEJgAAAAkITABAABIQmACAACQhMAEAAAgCYEJAABAEgITAACAJAQmAAAASQhMAAAAkhCYAAAAJCEwAQAASEJgAgAAkITABAAAIAmBCQAAQBICEwAAgCQEJgAAAEkITAAAAJIQmAAAACQhMAEAAEhCYAIAAJCEwAQAACAJgQkAAEASAhMAAIAkBCYAAABJCEwAAACSEJgAAAAkITABAABIQmACAACQhMAEAAAgCYEJAABAEgITAACAJAQmAAAASQhMAAAAkhCYAAAAJCEwAQAASEJgAgAAkITABAAAIAmBCQAAQBICEwAAgCQEJgAAAEkITAAAAJIQmAAAACQhMAEAAEji/wej97RHIzgdaAAAABJ0RVh0RVhJRjpPcmllbnRhdGlvbgAxhFjs7wAAAABJRU5ErkJggg=='
description: ''
behavior_plugins: {  }
